
Microsoft Visual Studio Solution File, Format Version 12.00
# Visual Studio Version 17
VisualStudioVersion = 17.9.34728.123
MinimumVisualStudioVersion = 10.0.40219.1
Project("{FAE04EC0-301F-11D3-BF4B-00C04F79EFBC}") = "PTUDCSDLN05-3", "PTUDCSDLN05-3\PTUDCSDLN05-3.csproj", "{35B922CD-BD10-49DD-8E5A-26CC58BD3F0A}"
EndProject
Global
	GlobalSection(SolutionConfigurationPlatforms) = preSolution
		Debug|Any CPU = Debug|Any CPU
		Release|Any CPU = Release|Any CPU
	EndGlobalSection
	GlobalSection(ProjectConfigurationPlatforms) = postSolution
		{35B922CD-BD10-49DD-8E5A-26CC58BD3F0A}.Debug|Any CPU.ActiveCfg = Debug|Any CPU
		{35B922CD-BD10-49DD-8E5A-26CC58BD3F0A}.Debug|Any CPU.Build.0 = Debug|Any CPU
		{35B922CD-BD10-49DD-8E5A-26CC58BD3F0A}.Release|Any CPU.ActiveCfg = Release|Any CPU
		{35B922CD-BD10-49DD-8E5A-26CC58BD3F0A}.Release|Any CPU.Build.0 = Release|Any CPU
	EndGlobalSection
	GlobalSection(SolutionProperties) = preSolution
		HideSolutionNode = FALSE
	EndGlobalSection
	GlobalSection(ExtensibilityGlobals) = postSolution
		SolutionGuid = {32B9AFF9-5E70-45BF-A008-245544B77C45}
	EndGlobalSection
EndGlobal
